// !$*UTF8*$!
{
	archiveVersion = 1;
	classes = {
	};
	objectVersion = 56;
	objects = {

/* Begin PBXBuildFile section */
		1618FB7B2949503B00BBDB5B /* MakeTeamView.swift in Sources */ = {isa = PBXBuildFile; fileRef = 1618FB7A2949503B00BBDB5B /* MakeTeamView.swift */; };
		163EA65D2949E7C9006497CF /* MakeTeamToolbar.swift in Sources */ = {isa = PBXBuildFile; fileRef = 163EA65C2949E7C9006497CF /* MakeTeamToolbar.swift */; };
		16644A2D2948091600A6741E /* Rolling.swift in Sources */ = {isa = PBXBuildFile; fileRef = 16644A2C2948091600A6741E /* Rolling.swift */; };
		16644A2F2948092000A6741E /* RollingStore.swift in Sources */ = {isa = PBXBuildFile; fileRef = 16644A2E2948092000A6741E /* RollingStore.swift */; };
		16644A332948705100A6741E /* RollingPaperView.swift in Sources */ = {isa = PBXBuildFile; fileRef = 16644A322948705100A6741E /* RollingPaperView.swift */; };
		166FE9A32949C0F1003F71DC /* WriteMessgeView.swift in Sources */ = {isa = PBXBuildFile; fileRef = 166FE9A22949C0F1003F71DC /* WriteMessgeView.swift */; };
		169222DD29470C8F001B9E43 /* _kimWorldApp.swift in Sources */ = {isa = PBXBuildFile; fileRef = 169222DC29470C8F001B9E43 /* _kimWorldApp.swift */; };
		169222DF29470C8F001B9E43 /* ContentView.swift in Sources */ = {isa = PBXBuildFile; fileRef = 169222DE29470C8F001B9E43 /* ContentView.swift */; };
		169222E129470C93001B9E43 /* Assets.xcassets in Resources */ = {isa = PBXBuildFile; fileRef = 169222E029470C93001B9E43 /* Assets.xcassets */; };
		169222E429470C93001B9E43 /* Preview Assets.xcassets in Resources */ = {isa = PBXBuildFile; fileRef = 169222E329470C93001B9E43 /* Preview Assets.xcassets */; };
		169222EB29470CE1001B9E43 /* GoogleService-Info.plist in Resources */ = {isa = PBXBuildFile; fileRef = 169222EA29470CE0001B9E43 /* GoogleService-Info.plist */; };
		169222EE29470D33001B9E43 /* FirebaseAuth in Frameworks */ = {isa = PBXBuildFile; productRef = 169222ED29470D33001B9E43 /* FirebaseAuth */; };
		169222F029470D33001B9E43 /* FirebaseFirestore in Frameworks */ = {isa = PBXBuildFile; productRef = 169222EF29470D33001B9E43 /* FirebaseFirestore */; };
		169222F229470D33001B9E43 /* FirebaseFirestoreSwift in Frameworks */ = {isa = PBXBuildFile; productRef = 169222F129470D33001B9E43 /* FirebaseFirestoreSwift */; };
		16DE6F322949FFAB001C77E2 /* AddMemberSheetView.swift in Sources */ = {isa = PBXBuildFile; fileRef = 16DE6F312949FFAB001C77E2 /* AddMemberSheetView.swift */; };
		3AB13DE829499EE700EC41A4 /* UhBee mysen.ttf in Resources */ = {isa = PBXBuildFile; fileRef = 3AB13DE729499EE700EC41A4 /* UhBee mysen.ttf */; };
		3AB13DEA29499EEF00EC41A4 /* UhBee mysen Bold.ttf in Resources */ = {isa = PBXBuildFile; fileRef = 3AB13DE929499EEE00EC41A4 /* UhBee mysen Bold.ttf */; };
		76945AC329495D8F00454DEE /* MemberView.swift in Sources */ = {isa = PBXBuildFile; fileRef = 76945AC229495D8F00454DEE /* MemberView.swift */; };
/* End PBXBuildFile section */

/* Begin PBXFileReference section */
		1618FB7A2949503B00BBDB5B /* MakeTeamView.swift */ = {isa = PBXFileReference; lastKnownFileType = sourcecode.swift; path = MakeTeamView.swift; sourceTree = "<group>"; };
		163EA65C2949E7C9006497CF /* MakeTeamToolbar.swift */ = {isa = PBXFileReference; lastKnownFileType = sourcecode.swift; path = MakeTeamToolbar.swift; sourceTree = "<group>"; };
		16644A2C2948091600A6741E /* Rolling.swift */ = {isa = PBXFileReference; lastKnownFileType = sourcecode.swift; path = Rolling.swift; sourceTree = "<group>"; };
		16644A2E2948092000A6741E /* RollingStore.swift */ = {isa = PBXFileReference; lastKnownFileType = sourcecode.swift; path = RollingStore.swift; sourceTree = "<group>"; };
		16644A322948705100A6741E /* RollingPaperView.swift */ = {isa = PBXFileReference; fileEncoding = 4; lastKnownFileType = sourcecode.swift; path = RollingPaperView.swift; sourceTree = "<group>"; };
		166FE9A22949C0F1003F71DC /* WriteMessgeView.swift */ = {isa = PBXFileReference; lastKnownFileType = sourcecode.swift; path = WriteMessgeView.swift; sourceTree = "<group>"; };
		169222D929470C8F001B9E43 /* 3kimWorld.app */ = {isa = PBXFileReference; explicitFileType = wrapper.application; includeInIndex = 0; path = 3kimWorld.app; sourceTree = BUILT_PRODUCTS_DIR; };
		169222DC29470C8F001B9E43 /* _kimWorldApp.swift */ = {isa = PBXFileReference; lastKnownFileType = sourcecode.swift; path = _kimWorldApp.swift; sourceTree = "<group>"; };
		169222DE29470C8F001B9E43 /* ContentView.swift */ = {isa = PBXFileReference; lastKnownFileType = sourcecode.swift; path = ContentView.swift; sourceTree = "<group>"; };
		169222E029470C93001B9E43 /* Assets.xcassets */ = {isa = PBXFileReference; lastKnownFileType = folder.assetcatalog; path = Assets.xcassets; sourceTree = "<group>"; };
		169222E329470C93001B9E43 /* Preview Assets.xcassets */ = {isa = PBXFileReference; lastKnownFileType = folder.assetcatalog; path = "Preview Assets.xcassets"; sourceTree = "<group>"; };
		169222EA29470CE0001B9E43 /* GoogleService-Info.plist */ = {isa = PBXFileReference; fileEncoding = 4; lastKnownFileType = text.plist.xml; path = "GoogleService-Info.plist"; sourceTree = "<group>"; };
		16DE6F312949FFAB001C77E2 /* AddMemberSheetView.swift */ = {isa = PBXFileReference; lastKnownFileType = sourcecode.swift; path = AddMemberSheetView.swift; sourceTree = "<group>"; };
		3AB13DE729499EE700EC41A4 /* UhBee mysen.ttf */ = {isa = PBXFileReference; lastKnownFileType = file; path = "UhBee mysen.ttf"; sourceTree = "<group>"; };
		3AB13DE929499EEE00EC41A4 /* UhBee mysen Bold.ttf */ = {isa = PBXFileReference; lastKnownFileType = file; path = "UhBee mysen Bold.ttf"; sourceTree = "<group>"; };
		3AB13DEB29499F6900EC41A4 /* -kimWorld-Info.plist */ = {isa = PBXFileReference; lastKnownFileType = text.plist; path = "-kimWorld-Info.plist"; sourceTree = SOURCE_ROOT; };
		76945AC229495D8F00454DEE /* MemberView.swift */ = {isa = PBXFileReference; lastKnownFileType = sourcecode.swift; path = MemberView.swift; sourceTree = "<group>"; };
/* End PBXFileReference section */

/* Begin PBXFrameworksBuildPhase section */
		169222D629470C8F001B9E43 /* Frameworks */ = {
			isa = PBXFrameworksBuildPhase;
			buildActionMask = 2147483647;
			files = (
				169222EE29470D33001B9E43 /* FirebaseAuth in Frameworks */,
				169222F029470D33001B9E43 /* FirebaseFirestore in Frameworks */,
				169222F229470D33001B9E43 /* FirebaseFirestoreSwift in Frameworks */,
			);
			runOnlyForDeploymentPostprocessing = 0;
		};
/* End PBXFrameworksBuildPhase section */

/* Begin PBXGroup section */
		169222D029470C8F001B9E43 = {
			isa = PBXGroup;
			children = (
				169222DB29470C8F001B9E43 /* 3kimWorld */,
				169222DA29470C8F001B9E43 /* Products */,
			);
			sourceTree = "<group>";
		};
		169222DA29470C8F001B9E43 /* Products */ = {
			isa = PBXGroup;
			children = (
				169222D929470C8F001B9E43 /* 3kimWorld.app */,
			);
			name = Products;
			sourceTree = "<group>";
		};
		169222DB29470C8F001B9E43 /* 3kimWorld */ = {
			isa = PBXGroup;
			children = (
				3AB13DEB29499F6900EC41A4 /* -kimWorld-Info.plist */,
				169222EA29470CE0001B9E43 /* GoogleService-Info.plist */,
				3AB13DE429499E9A00EC41A4 /* Fonts */,
				169222DC29470C8F001B9E43 /* _kimWorldApp.swift */,
				76945AC529495E2A00454DEE /* Models */,
				76945AC429495E1C00454DEE /* Views */,
				169222E029470C93001B9E43 /* Assets.xcassets */,
				169222E229470C93001B9E43 /* Preview Content */,
			);
			path = 3kimWorld;
			sourceTree = "<group>";
		};
		169222E229470C93001B9E43 /* Preview Content */ = {
			isa = PBXGroup;
			children = (
				169222E329470C93001B9E43 /* Preview Assets.xcassets */,
			);
			path = "Preview Content";
			sourceTree = "<group>";
		};
		3AB13DE429499E9A00EC41A4 /* Fonts */ = {
			isa = PBXGroup;
			children = (
				3AB13DE729499EE700EC41A4 /* UhBee mysen.ttf */,
				3AB13DE929499EEE00EC41A4 /* UhBee mysen Bold.ttf */,
			);
			path = Fonts;
			sourceTree = "<group>";
		};
		76945AC429495E1C00454DEE /* Views */ = {
			isa = PBXGroup;
			children = (
				169222DE29470C8F001B9E43 /* ContentView.swift */,
				1618FB7A2949503B00BBDB5B /* MakeTeamView.swift */,
				163EA65C2949E7C9006497CF /* MakeTeamToolbar.swift */,
				76945AC229495D8F00454DEE /* MemberView.swift */,
				166FE9A22949C0F1003F71DC /* WriteMessgeView.swift */,
				16644A322948705100A6741E /* RollingPaperView.swift */,
				16DE6F312949FFAB001C77E2 /* AddMemberSheetView.swift */,
			);
			path = Views;
			sourceTree = "<group>";
		};
		76945AC529495E2A00454DEE /* Models */ = {
			isa = PBXGroup;
			children = (
				16644A2C2948091600A6741E /* Rolling.swift */,
				16644A2E2948092000A6741E /* RollingStore.swift */,
			);
			path = Models;
			sourceTree = "<group>";
		};
/* End PBXGroup section */

/* Begin PBXNativeTarget section */
		169222D829470C8F001B9E43 /* 3kimWorld */ = {
			isa = PBXNativeTarget;
			buildConfigurationList = 169222E729470C93001B9E43 /* Build configuration list for PBXNativeTarget "3kimWorld" */;
			buildPhases = (
				169222D529470C8F001B9E43 /* Sources */,
				169222D629470C8F001B9E43 /* Frameworks */,
				169222D729470C8F001B9E43 /* Resources */,
			);
			buildRules = (
			);
			dependencies = (
			);
			name = 3kimWorld;
			packageProductDependencies = (
				169222ED29470D33001B9E43 /* FirebaseAuth */,
				169222EF29470D33001B9E43 /* FirebaseFirestore */,
				169222F129470D33001B9E43 /* FirebaseFirestoreSwift */,
			);
			productName = 3kimWorld;
			productReference = 169222D929470C8F001B9E43 /* 3kimWorld.app */;
			productType = "com.apple.product-type.application";
		};
/* End PBXNativeTarget section */

/* Begin PBXProject section */
		169222D129470C8F001B9E43 /* Project object */ = {
			isa = PBXProject;
			attributes = {
				BuildIndependentTargetsInParallel = 1;
				LastSwiftUpdateCheck = 1410;
				LastUpgradeCheck = 1410;
				TargetAttributes = {
					169222D829470C8F001B9E43 = {
						CreatedOnToolsVersion = 14.1;
					};
				};
			};
			buildConfigurationList = 169222D429470C8F001B9E43 /* Build configuration list for PBXProject "3kimWorld" */;
			compatibilityVersion = "Xcode 14.0";
			developmentRegion = en;
			hasScannedForEncodings = 0;
			knownRegions = (
				en,
				Base,
			);
			mainGroup = 169222D029470C8F001B9E43;
			packageReferences = (
				169222EC29470D33001B9E43 /* XCRemoteSwiftPackageReference "firebase-ios-sdk" */,
			);
			productRefGroup = 169222DA29470C8F001B9E43 /* Products */;
			projectDirPath = "";
			projectRoot = "";
			targets = (
				169222D829470C8F001B9E43 /* 3kimWorld */,
			);
		};
/* End PBXProject section */

/* Begin PBXResourcesBuildPhase section */
		169222D729470C8F001B9E43 /* Resources */ = {
			isa = PBXResourcesBuildPhase;
			buildActionMask = 2147483647;
			files = (
				3AB13DE829499EE700EC41A4 /* UhBee mysen.ttf in Resources */,
				169222EB29470CE1001B9E43 /* GoogleService-Info.plist in Resources */,
				3AB13DEA29499EEF00EC41A4 /* UhBee mysen Bold.ttf in Resources */,
				169222E429470C93001B9E43 /* Preview Assets.xcassets in Resources */,
				169222E129470C93001B9E43 /* Assets.xcassets in Resources */,
			);
			runOnlyForDeploymentPostprocessing = 0;
		};
/* End PBXResourcesBuildPhase section */

/* Begin PBXSourcesBuildPhase section */
		169222D529470C8F001B9E43 /* Sources */ = {
			isa = PBXSourcesBuildPhase;
			buildActionMask = 2147483647;
			files = (
				163EA65D2949E7C9006497CF /* MakeTeamToolbar.swift in Sources */,
				166FE9A32949C0F1003F71DC /* WriteMessgeView.swift in Sources */,
				169222DF29470C8F001B9E43 /* ContentView.swift in Sources */,
				169222DD29470C8F001B9E43 /* _kimWorldApp.swift in Sources */,
				16DE6F322949FFAB001C77E2 /* AddMemberSheetView.swift in Sources */,
				16644A2D2948091600A6741E /* Rolling.swift in Sources */,
				16644A2F2948092000A6741E /* RollingStore.swift in Sources */,
				1618FB7B2949503B00BBDB5B /* MakeTeamView.swift in Sources */,
				76945AC329495D8F00454DEE /* MemberView.swift in Sources */,
				16644A332948705100A6741E /* RollingPaperView.swift in Sources */,
			);
			runOnlyForDeploymentPostprocessing = 0;
		};
/* End PBXSourcesBuildPhase section */

/* Begin XCBuildConfiguration section */
		169222E529470C93001B9E43 /* Debug */ = {
			isa = XCBuildConfiguration;
			buildSettings = {
				ALWAYS_SEARCH_USER_PATHS = NO;
				CLANG_ANALYZER_NONNULL = YES;
				CLANG_ANALYZER_NUMBER_OBJECT_CONVERSION = YES_AGGRESSIVE;
				CLANG_CXX_LANGUAGE_STANDARD = "gnu++20";
				CLANG_ENABLE_MODULES = YES;
				CLANG_ENABLE_OBJC_ARC = YES;
				CLANG_ENABLE_OBJC_WEAK = YES;
				CLANG_WARN_BLOCK_CAPTURE_AUTORELEASING = YES;
				CLANG_WARN_BOOL_CONVERSION = YES;
				CLANG_WARN_COMMA = YES;
				CLANG_WARN_CONSTANT_CONVERSION = YES;
				CLANG_WARN_DEPRECATED_OBJC_IMPLEMENTATIONS = YES;
				CLANG_WARN_DIRECT_OBJC_ISA_USAGE = YES_ERROR;
				CLANG_WARN_DOCUMENTATION_COMMENTS = YES;
				CLANG_WARN_EMPTY_BODY = YES;
				CLANG_WARN_ENUM_CONVERSION = YES;
				CLANG_WARN_INFINITE_RECURSION = YES;
				CLANG_WARN_INT_CONVERSION = YES;
				CLANG_WARN_NON_LITERAL_NULL_CONVERSION = YES;
				CLANG_WARN_OBJC_IMPLICIT_RETAIN_SELF = YES;
				CLANG_WARN_OBJC_LITERAL_CONVERSION = YES;
				CLANG_WARN_OBJC_ROOT_CLASS = YES_ERROR;
				CLANG_WARN_QUOTED_INCLUDE_IN_FRAMEWORK_HEADER = YES;
				CLANG_WARN_RANGE_LOOP_ANALYSIS = YES;
				CLANG_WARN_STRICT_PROTOTYPES = YES;
				CLANG_WARN_SUSPICIOUS_MOVE = YES;
				CLANG_WARN_UNGUARDED_AVAILABILITY = YES_AGGRESSIVE;
				CLANG_WARN_UNREACHABLE_CODE = YES;
				CLANG_WARN__DUPLICATE_METHOD_MATCH = YES;
				COPY_PHASE_STRIP = NO;
				DEBUG_INFORMATION_FORMAT = dwarf;
				ENABLE_STRICT_OBJC_MSGSEND = YES;
				ENABLE_TESTABILITY = YES;
				GCC_C_LANGUAGE_STANDARD = gnu11;
				GCC_DYNAMIC_NO_PIC = NO;
				GCC_NO_COMMON_BLOCKS = YES;
				GCC_OPTIMIZATION_LEVEL = 0;
				GCC_PREPROCESSOR_DEFINITIONS = (
					"DEBUG=1",
					"$(inherited)",
				);
				GCC_WARN_64_TO_32_BIT_CONVERSION = YES;
				GCC_WARN_ABOUT_RETURN_TYPE = YES_ERROR;
				GCC_WARN_UNDECLARED_SELECTOR = YES;
				GCC_WARN_UNINITIALIZED_AUTOS = YES_AGGRESSIVE;
				GCC_WARN_UNUSED_FUNCTION = YES;
				GCC_WARN_UNUSED_VARIABLE = YES;
				IPHONEOS_DEPLOYMENT_TARGET = 16.1;
				MTL_ENABLE_DEBUG_INFO = INCLUDE_SOURCE;
				MTL_FAST_MATH = YES;
				ONLY_ACTIVE_ARCH = YES;
				SDKROOT = iphoneos;
				SWIFT_ACTIVE_COMPILATION_CONDITIONS = DEBUG;
				SWIFT_OPTIMIZATION_LEVEL = "-Onone";
			};
			name = Debug;
		};
		169222E629470C93001B9E43 /* Release */ = {
			isa = XCBuildConfiguration;
			buildSettings = {
				ALWAYS_SEARCH_USER_PATHS = NO;
				CLANG_ANALYZER_NONNULL = YES;
				CLANG_ANALYZER_NUMBER_OBJECT_CONVERSION = YES_AGGRESSIVE;
				CLANG_CXX_LANGUAGE_STANDARD = "gnu++20";
				CLANG_ENABLE_MODULES = YES;
				CLANG_ENABLE_OBJC_ARC = YES;
				CLANG_ENABLE_OBJC_WEAK = YES;
				CLANG_WARN_BLOCK_CAPTURE_AUTORELEASING = YES;
				CLANG_WARN_BOOL_CONVERSION = YES;
				CLANG_WARN_COMMA = YES;
				CLANG_WARN_CONSTANT_CONVERSION = YES;
				CLANG_WARN_DEPRECATED_OBJC_IMPLEMENTATIONS = YES;
				CLANG_WARN_DIRECT_OBJC_ISA_USAGE = YES_ERROR;
				CLANG_WARN_DOCUMENTATION_COMMENTS = YES;
				CLANG_WARN_EMPTY_BODY = YES;
				CLANG_WARN_ENUM_CONVERSION = YES;
				CLANG_WARN_INFINITE_RECURSION = YES;
				CLANG_WARN_INT_CONVERSION = YES;
				CLANG_WARN_NON_LITERAL_NULL_CONVERSION = YES;
				CLANG_WARN_OBJC_IMPLICIT_RETAIN_SELF = YES;
				CLANG_WARN_OBJC_LITERAL_CONVERSION = YES;
				CLANG_WARN_OBJC_ROOT_CLASS = YES_ERROR;
				CLANG_WARN_QUOTED_INCLUDE_IN_FRAMEWORK_HEADER = YES;
				CLANG_WARN_RANGE_LOOP_ANALYSIS = YES;
				CLANG_WARN_STRICT_PROTOTYPES = YES;
				CLANG_WARN_SUSPICIOUS_MOVE = YES;
				CLANG_WARN_UNGUARDED_AVAILABILITY = YES_AGGRESSIVE;
				CLANG_WARN_UNREACHABLE_CODE = YES;
				CLANG_WARN__DUPLICATE_METHOD_MATCH = YES;
				COPY_PHASE_STRIP = NO;
				DEBUG_INFORMATION_FORMAT = "dwarf-with-dsym";
				ENABLE_NS_ASSERTIONS = NO;
				ENABLE_STRICT_OBJC_MSGSEND = YES;
				GCC_C_LANGUAGE_STANDARD = gnu11;
				GCC_NO_COMMON_BLOCKS = YES;
				GCC_WARN_64_TO_32_BIT_CONVERSION = YES;
				GCC_WARN_ABOUT_RETURN_TYPE = YES_ERROR;
				GCC_WARN_UNDECLARED_SELECTOR = YES;
				GCC_WARN_UNINITIALIZED_AUTOS = YES_AGGRESSIVE;
				GCC_WARN_UNUSED_FUNCTION = YES;
				GCC_WARN_UNUSED_VARIABLE = YES;
				IPHONEOS_DEPLOYMENT_TARGET = 16.1;
				MTL_ENABLE_DEBUG_INFO = NO;
				MTL_FAST_MATH = YES;
				SDKROOT = iphoneos;
				SWIFT_COMPILATION_MODE = wholemodule;
				SWIFT_OPTIMIZATION_LEVEL = "-O";
				VALIDATE_PRODUCT = YES;
			};
			name = Release;
		};
		169222E829470C93001B9E43 /* Debug */ = {
			isa = XCBuildConfiguration;
			buildSettings = {
				ASSETCATALOG_COMPILER_APPICON_NAME = AppIcon;
				ASSETCATALOG_COMPILER_GLOBAL_ACCENT_COLOR_NAME = AccentColor;
				CODE_SIGN_STYLE = Automatic;
				CURRENT_PROJECT_VERSION = 1;
				DEVELOPMENT_ASSET_PATHS = "\"3kimWorld/Preview Content\"";
				DEVELOPMENT_TEAM = 69AX92X75M;
				ENABLE_PREVIEWS = YES;
				GENERATE_INFOPLIST_FILE = YES;
				INFOPLIST_FILE = "-kimWorld-Info.plist";
				INFOPLIST_KEY_UIApplicationSceneManifest_Generation = YES;
				INFOPLIST_KEY_UIApplicationSupportsIndirectInputEvents = YES;
				INFOPLIST_KEY_UILaunchScreen_Generation = YES;
				INFOPLIST_KEY_UISupportedInterfaceOrientations_iPad = "UIInterfaceOrientationPortrait UIInterfaceOrientationPortraitUpsideDown UIInterfaceOrientationLandscapeLeft UIInterfaceOrientationLandscapeRight";
				INFOPLIST_KEY_UISupportedInterfaceOrientations_iPhone = "UIInterfaceOrientationPortrait UIInterfaceOrientationLandscapeLeft UIInterfaceOrientationLandscapeRight";
				LD_RUNPATH_SEARCH_PATHS = (
					"$(inherited)",
					"@executable_path/Frameworks",
				);
				MARKETING_VERSION = 1.0;
				PRODUCT_BUNDLE_IDENTIFIER = "com.study.-kimWorld";
				PRODUCT_NAME = "$(TARGET_NAME)";
				SWIFT_EMIT_LOC_STRINGS = YES;
				SWIFT_VERSION = 5.0;
				TARGETED_DEVICE_FAMILY = "1,2";
			};
			name = Debug;
		};
		169222E929470C93001B9E43 /* Release */ = {
			isa = XCBuildConfiguration;
			buildSettings = {
				ASSETCATALOG_COMPILER_APPICON_NAME = AppIcon;
				ASSETCATALOG_COMPILER_GLOBAL_ACCENT_COLOR_NAME = AccentColor;
				CODE_SIGN_STYLE = Automatic;
				CURRENT_PROJECT_VERSION = 1;
				DEVELOPMENT_ASSET_PATHS = "\"3kimWorld/Preview Content\"";
				DEVELOPMENT_TEAM = 69AX92X75M;
				ENABLE_PREVIEWS = YES;
				GENERATE_INFOPLIST_FILE = YES;
				INFOPLIST_FILE = "-kimWorld-Info.plist";
				INFOPLIST_KEY_UIApplicationSceneManifest_Generation = YES;
				INFOPLIST_KEY_UIApplicationSupportsIndirectInputEvents = YES;
				INFOPLIST_KEY_UILaunchScreen_Generation = YES;
				INFOPLIST_KEY_UISupportedInterfaceOrientations_iPad = "UIInterfaceOrientationPortrait UIInterfaceOrientationPortraitUpsideDown UIInterfaceOrientationLandscapeLeft UIInterfaceOrientationLandscapeRight";
				INFOPLIST_KEY_UISupportedInterfaceOrientations_iPhone = "UIInterfaceOrientationPortrait UIInterfaceOrientationLandscapeLeft UIInterfaceOrientationLandscapeRight";
				LD_RUNPATH_SEARCH_PATHS = (
					"$(inherited)",
					"@executable_path/Frameworks",
				);
				MARKETING_VERSION = 1.0;
				PRODUCT_BUNDLE_IDENTIFIER = "com.study.-kimWorld";
				PRODUCT_NAME = "$(TARGET_NAME)";
				SWIFT_EMIT_LOC_STRINGS = YES;
				SWIFT_VERSION = 5.0;
				TARGETED_DEVICE_FAMILY = "1,2";
			};
			name = Release;
		};
/* End XCBuildConfiguration section */

/* Begin XCConfigurationList section */
		169222D429470C8F001B9E43 /* Build configuration list for PBXProject "3kimWorld" */ = {
			isa = XCConfigurationList;
			buildConfigurations = (
				169222E529470C93001B9E43 /* Debug */,
				169222E629470C93001B9E43 /* Release */,
			);
			defaultConfigurationIsVisible = 0;
			defaultConfigurationName = Release;
		};
		169222E729470C93001B9E43 /* Build configuration list for PBXNativeTarget "3kimWorld" */ = {
			isa = XCConfigurationList;
			buildConfigurations = (
				169222E829470C93001B9E43 /* Debug */,
				169222E929470C93001B9E43 /* Release */,
			);
			defaultConfigurationIsVisible = 0;
			defaultConfigurationName = Release;
		};
/* End XCConfigurationList section */

/* Begin XCRemoteSwiftPackageReference section */
		169222EC29470D33001B9E43 /* XCRemoteSwiftPackageReference "firebase-ios-sdk" */ = {
			isa = XCRemoteSwiftPackageReference;
			repositoryURL = "https://github.com/firebase/firebase-ios-sdk";
			requirement = {
				branch = master;
				kind = branch;
			};
		};
/* End XCRemoteSwiftPackageReference section */

/* Begin XCSwiftPackageProductDependency section */
		169222ED29470D33001B9E43 /* FirebaseAuth */ = {
			isa = XCSwiftPackageProductDependency;
			package = 169222EC29470D33001B9E43 /* XCRemoteSwiftPackageReference "firebase-ios-sdk" */;
			productName = FirebaseAuth;
		};
		169222EF29470D33001B9E43 /* FirebaseFirestore */ = {
			isa = XCSwiftPackageProductDependency;
			package = 169222EC29470D33001B9E43 /* XCRemoteSwiftPackageReference "firebase-ios-sdk" */;
			productName = FirebaseFirestore;
		};
		169222F129470D33001B9E43 /* FirebaseFirestoreSwift */ = {
			isa = XCSwiftPackageProductDependency;
			package = 169222EC29470D33001B9E43 /* XCRemoteSwiftPackageReference "firebase-ios-sdk" */;
			productName = FirebaseFirestoreSwift;
		};
/* End XCSwiftPackageProductDependency section */
	};
	rootObject = 169222D129470C8F001B9E43 /* Project object */;
}
